# THIS IS AN AUTOGENERATED FILE. DO NOT EDIT THIS FILE DIRECTLY.
# yarn lockfile v1


"@babel/parser@^7.16.4":
  version "7.21.4"
  resolved "https://registry.npmjs.org/@babel/parser/-/parser-7.21.4.tgz"

"@esbuild/android-arm64@0.17.17":
  version "0.17.17"
  resolved "https://registry.yarnpkg.com/@esbuild/android-arm64/-/android-arm64-0.17.17.tgz#164b054d58551f8856285f386e1a8f45d9ba3a31"

"@esbuild/android-arm@0.17.17":
  version "0.17.17"
  resolved "https://registry.yarnpkg.com/@esbuild/android-arm/-/android-arm-0.17.17.tgz#1b3b5a702a69b88deef342a7a80df4c894e4f065"

"@esbuild/android-x64@0.17.17":
  version "0.17.17"
  resolved "https://registry.yarnpkg.com/@esbuild/android-x64/-/android-x64-0.17.17.tgz#6781527e3c4ea4de532b149d18a2167f06783e7f"

"@esbuild/darwin-arm64@0.17.17":
  version "0.17.17"
  resolved "https://registry.yarnpkg.com/@esbuild/darwin-arm64/-/darwin-arm64-0.17.17.tgz#c5961ef4d3c1cc80dafe905cc145b5a71d2ac196"

"@esbuild/darwin-x64@0.17.17":
  version "0.17.17"
  resolved "https://registry.yarnpkg.com/@esbuild/darwin-x64/-/darwin-x64-0.17.17.tgz#b81f3259cc349691f67ae30f7b333a53899b3c20"

"@esbuild/freebsd-arm64@0.17.17":
  version "0.17.17"
  resolved "https://registry.yarnpkg.com/@esbuild/freebsd-arm64/-/freebsd-arm64-0.17.17.tgz#db846ad16cf916fd3acdda79b85ea867cb100e87"

"@esbuild/freebsd-x64@0.17.17":
  version "0.17.17"
  resolved "https://registry.yarnpkg.com/@esbuild/freebsd-x64/-/freebsd-x64-0.17.17.tgz#4dd99acbaaba00949d509e7c144b1b6ef9e1815b"

"@esbuild/linux-arm64@0.17.17":
  version "0.17.17"
  resolved "https://registry.yarnpkg.com/@esbuild/linux-arm64/-/linux-arm64-0.17.17.tgz#7f9274140b2bb9f4230dbbfdf5dc2761215e30f6"

"@esbuild/linux-arm@0.17.17":
  version "0.17.17"
  resolved "https://registry.yarnpkg.com/@esbuild/linux-arm/-/linux-arm-0.17.17.tgz#5c8e44c2af056bb2147cf9ad13840220bcb8948b"

"@esbuild/linux-ia32@0.17.17":
  version "0.17.17"
  resolved "https://registry.yarnpkg.com/@esbuild/linux-ia32/-/linux-ia32-0.17.17.tgz#18a6b3798658be7f46e9873fa0c8d4bec54c9212"

"@esbuild/linux-loong64@0.17.17":
  version "0.17.17"
  resolved "https://registry.yarnpkg.com/@esbuild/linux-loong64/-/linux-loong64-0.17.17.tgz#a8d93514a47f7b4232716c9f02aeb630bae24c40"

"@esbuild/linux-mips64el@0.17.17":
  version "0.17.17"
  resolved "https://registry.yarnpkg.com/@esbuild/linux-mips64el/-/linux-mips64el-0.17.17.tgz#4784efb1c3f0eac8133695fa89253d558149ee1b"

"@esbuild/linux-ppc64@0.17.17":
  version "0.17.17"
  resolved "https://registry.yarnpkg.com/@esbuild/linux-ppc64/-/linux-ppc64-0.17.17.tgz#ef6558ec5e5dd9dc16886343e0ccdb0699d70d3c"

"@esbuild/linux-riscv64@0.17.17":
  version "0.17.17"
  resolved "https://registry.yarnpkg.com/@esbuild/linux-riscv64/-/linux-riscv64-0.17.17.tgz#13a87fdbcb462c46809c9d16bcf79817ecf9ce6f"

"@esbuild/linux-s390x@0.17.17":
  version "0.17.17"
  resolved "https://registry.yarnpkg.com/@esbuild/linux-s390x/-/linux-s390x-0.17.17.tgz#83cb16d1d3ac0dca803b3f031ba3dc13f1ec7ade"

"@esbuild/linux-x64@0.17.17":
  version "0.17.17"
  resolved "https://registry.yarnpkg.com/@esbuild/linux-x64/-/linux-x64-0.17.17.tgz#7bc400568690b688e20a0c94b2faabdd89ae1a79"

"@esbuild/netbsd-x64@0.17.17":
  version "0.17.17"
  resolved "https://registry.yarnpkg.com/@esbuild/netbsd-x64/-/netbsd-x64-0.17.17.tgz#1b5dcfbc4bfba80e67a11e9148de836af5b58b6c"

"@esbuild/openbsd-x64@0.17.17":
  version "0.17.17"
  resolved "https://registry.yarnpkg.com/@esbuild/openbsd-x64/-/openbsd-x64-0.17.17.tgz#e275098902291149a5dcd012c9ea0796d6b7adff"

"@esbuild/sunos-x64@0.17.17":
  version "0.17.17"
  resolved "https://registry.yarnpkg.com/@esbuild/sunos-x64/-/sunos-x64-0.17.17.tgz#10603474866f64986c0370a2d4fe5a2bb7fee4f5"

"@esbuild/win32-arm64@0.17.17":
  version "0.17.17"
  resolved "https://registry.yarnpkg.com/@esbuild/win32-arm64/-/win32-arm64-0.17.17.tgz#521a6d97ee0f96b7c435930353cc4e93078f0b54"

"@esbuild/win32-ia32@0.17.17":
  version "0.17.17"
  resolved "https://registry.yarnpkg.com/@esbuild/win32-ia32/-/win32-ia32-0.17.17.tgz#56f88462ebe82dad829dc2303175c0e0ccd8e38e"

"@esbuild/win32-x64@0.17.17":
  version "0.17.17"
  resolved "https://registry.npmjs.org/@esbuild/win32-x64/-/win32-x64-0.17.17.tgz"

"@mdi/font@^7.2.96":
  version "7.2.96"
  resolved "https://registry.npmjs.org/@mdi/font/-/font-7.2.96.tgz"

"@types/node@^18.15.13":
  version "18.15.13"
  resolved "https://registry.npmjs.org/@types/node/-/node-18.15.13.tgz"

"@unhead/dom@1.1.26", "@unhead/dom@^1.1.26":
  version "1.1.26"
  resolved "https://registry.npmjs.org/@unhead/dom/-/dom-1.1.26.tgz"
  dependencies:
    "@unhead/schema" "1.1.26"
    "@unhead/shared" "1.1.26"

"@unhead/schema@1.1.26", "@unhead/schema@^1.1.26":
  version "1.1.26"
  resolved "https://registry.npmjs.org/@unhead/schema/-/schema-1.1.26.tgz"
  dependencies:
    hookable "^5.5.3"
    zhead "^2.0.4"

"@unhead/shared@1.1.26":
  version "1.1.26"
  resolved "https://registry.npmjs.org/@unhead/shared/-/shared-1.1.26.tgz"
  dependencies:
    "@unhead/schema" "1.1.26"

"@unhead/ssr@^1.1.26":
  version "1.1.26"
  resolved "https://registry.npmjs.org/@unhead/ssr/-/ssr-1.1.26.tgz"
  dependencies:
    "@unhead/schema" "1.1.26"
    "@unhead/shared" "1.1.26"

"@unhead/vue@^1.1.26":
  version "1.1.26"
  resolved "https://registry.npmjs.org/@unhead/vue/-/vue-1.1.26.tgz"
  dependencies:
    "@unhead/schema" "1.1.26"
    "@unhead/shared" "1.1.26"
    hookable "^5.5.3"
    unhead "1.1.26"

"@vitejs/plugin-vue@^4.1.0":
  version "4.1.0"
  resolved "https://registry.npmjs.org/@vitejs/plugin-vue/-/plugin-vue-4.1.0.tgz"

"@volar/language-core@1.4.0":
  version "1.4.0"
  resolved "https://registry.npmjs.org/@volar/language-core/-/language-core-1.4.0.tgz"
  dependencies:
    "@volar/source-map" "1.4.0"

"@volar/source-map@1.4.0":
  version "1.4.0"
  resolved "https://registry.npmjs.org/@volar/source-map/-/source-map-1.4.0.tgz"
  dependencies:
    muggle-string "^0.2.2"

"@volar/typescript@1.4.0":
  version "1.4.0"
  resolved "https://registry.npmjs.org/@volar/typescript/-/typescript-1.4.0.tgz"
  dependencies:
    "@volar/language-core" "1.4.0"

"@volar/vue-language-core@1.4.0":
  version "1.4.0"
  resolved "https://registry.npmjs.org/@volar/vue-language-core/-/vue-language-core-1.4.0.tgz"
  dependencies:
    "@volar/language-core" "1.4.0"
    "@volar/source-map" "1.4.0"
    "@vue/compiler-dom" "^3.2.0"
    "@vue/compiler-sfc" "^3.2.0"
    "@vue/reactivity" "^3.2.0"
    "@vue/shared" "^3.2.0"
    minimatch "^9.0.0"
    muggle-string "^0.2.2"
    vue-template-compiler "^2.7.14"

"@volar/vue-typescript@1.4.0":
  version "1.4.0"
  resolved "https://registry.npmjs.org/@volar/vue-typescript/-/vue-typescript-1.4.0.tgz"
  dependencies:
    "@volar/typescript" "1.4.0"
    "@volar/vue-language-core" "1.4.0"

"@vue/compiler-core@3.2.47":
  version "3.2.47"
  resolved "https://registry.npmjs.org/@vue/compiler-core/-/compiler-core-3.2.47.tgz"
  dependencies:
    "@babel/parser" "^7.16.4"
    "@vue/shared" "3.2.47"
    estree-walker "^2.0.2"
    source-map "^0.6.1"

"@vue/compiler-dom@3.2.47", "@vue/compiler-dom@^3.2.0":
  version "3.2.47"
  resolved "https://registry.npmjs.org/@vue/compiler-dom/-/compiler-dom-3.2.47.tgz"
  dependencies:
    "@vue/compiler-core" "3.2.47"
    "@vue/shared" "3.2.47"

"@vue/compiler-sfc@3.2.47", "@vue/compiler-sfc@^3.2.0":
  version "3.2.47"
  resolved "https://registry.npmjs.org/@vue/compiler-sfc/-/compiler-sfc-3.2.47.tgz"
  dependencies:
    "@babel/parser" "^7.16.4"
    "@vue/compiler-core" "3.2.47"
    "@vue/compiler-dom" "3.2.47"
    "@vue/compiler-ssr" "3.2.47"
    "@vue/reactivity-transform" "3.2.47"
    "@vue/shared" "3.2.47"
    estree-walker "^2.0.2"
    magic-string "^0.25.7"
    postcss "^8.1.10"
    source-map "^0.6.1"

"@vue/compiler-ssr@3.2.47":
  version "3.2.47"
  resolved "https://registry.npmjs.org/@vue/compiler-ssr/-/compiler-ssr-3.2.47.tgz"
  dependencies:
    "@vue/compiler-dom" "3.2.47"
    "@vue/shared" "3.2.47"

"@vue/devtools-api@^6.0.0-beta.11":
  version "6.5.0"
  resolved "https://registry.npmjs.org/@vue/devtools-api/-/devtools-api-6.5.0.tgz"

"@vue/reactivity-transform@3.2.47":
  version "3.2.47"
  resolved "https://registry.npmjs.org/@vue/reactivity-transform/-/reactivity-transform-3.2.47.tgz"
  dependencies:
    "@babel/parser" "^7.16.4"
    "@vue/compiler-core" "3.2.47"
    "@vue/shared" "3.2.47"
    estree-walker "^2.0.2"
    magic-string "^0.25.7"

"@vue/reactivity@3.2.47", "@vue/reactivity@^3.2.0":
  version "3.2.47"
  resolved "https://registry.npmjs.org/@vue/reactivity/-/reactivity-3.2.47.tgz"
  dependencies:
    "@vue/shared" "3.2.47"

"@vue/runtime-core@3.2.47":
  version "3.2.47"
  resolved "https://registry.npmjs.org/@vue/runtime-core/-/runtime-core-3.2.47.tgz"
  dependencies:
    "@vue/reactivity" "3.2.47"
    "@vue/shared" "3.2.47"

"@vue/runtime-dom@3.2.47":
  version "3.2.47"
  resolved "https://registry.npmjs.org/@vue/runtime-dom/-/runtime-dom-3.2.47.tgz"
  dependencies:
    "@vue/runtime-core" "3.2.47"
    "@vue/shared" "3.2.47"
    csstype "^2.6.8"

"@vue/server-renderer@3.2.47":
  version "3.2.47"
  resolved "https://registry.npmjs.org/@vue/server-renderer/-/server-renderer-3.2.47.tgz"
  dependencies:
    "@vue/compiler-ssr" "3.2.47"
    "@vue/shared" "3.2.47"

"@vue/shared@3.2.47", "@vue/shared@^3.2.0":
  version "3.2.47"
  resolved "https://registry.npmjs.org/@vue/shared/-/shared-3.2.47.tgz"

"@vueuse/head@^1.1.26":
  version "1.1.26"
  resolved "https://registry.npmjs.org/@vueuse/head/-/head-1.1.26.tgz"
  dependencies:
    "@unhead/dom" "^1.1.26"
    "@unhead/schema" "^1.1.26"
    "@unhead/ssr" "^1.1.26"
    "@unhead/vue" "^1.1.26"

anymatch@~3.1.2:
  version "3.1.3"
  resolved "https://registry.npmjs.org/anymatch/-/anymatch-3.1.3.tgz"
  dependencies:
    normalize-path "^3.0.0"
    picomatch "^2.0.4"

balanced-match@^1.0.0:
  version "1.0.2"
  resolved "https://registry.npmjs.org/balanced-match/-/balanced-match-1.0.2.tgz"

binary-extensions@^2.0.0:
  version "2.2.0"
  resolved "https://registry.npmjs.org/binary-extensions/-/binary-extensions-2.2.0.tgz"

brace-expansion@^2.0.1:
  version "2.0.1"
  resolved "https://registry.npmjs.org/brace-expansion/-/brace-expansion-2.0.1.tgz"
  dependencies:
    balanced-match "^1.0.0"

braces@~3.0.2:
  version "3.0.2"
  resolved "https://registry.npmjs.org/braces/-/braces-3.0.2.tgz"
  dependencies:
    fill-range "^7.0.1"

"chokidar@>=3.0.0 <4.0.0":
  version "3.5.3"
  resolved "https://registry.npmjs.org/chokidar/-/chokidar-3.5.3.tgz"
  dependencies:
    anymatch "~3.1.2"
    braces "~3.0.2"
    glob-parent "~5.1.2"
    is-binary-path "~2.1.0"
    is-glob "~4.0.1"
    normalize-path "~3.0.0"
    readdirp "~3.6.0"
  optionalDependencies:
    fsevents "~2.3.2"

csstype@^2.6.8:
  version "2.6.21"
  resolved "https://registry.npmjs.org/csstype/-/csstype-2.6.21.tgz"

de-indent@^1.0.2:
  version "1.0.2"
  resolved "https://registry.npmjs.org/de-indent/-/de-indent-1.0.2.tgz"

esbuild@^0.17.5:
  version "0.17.17"
  resolved "https://registry.npmjs.org/esbuild/-/esbuild-0.17.17.tgz"
  optionalDependencies:
    "@esbuild/android-arm" "0.17.17"
    "@esbuild/android-arm64" "0.17.17"
    "@esbuild/android-x64" "0.17.17"
    "@esbuild/darwin-arm64" "0.17.17"
    "@esbuild/darwin-x64" "0.17.17"
    "@esbuild/freebsd-arm64" "0.17.17"
    "@esbuild/freebsd-x64" "0.17.17"
    "@esbuild/linux-arm" "0.17.17"
    "@esbuild/linux-arm64" "0.17.17"
    "@esbuild/linux-ia32" "0.17.17"
    "@esbuild/linux-loong64" "0.17.17"
    "@esbuild/linux-mips64el" "0.17.17"
    "@esbuild/linux-ppc64" "0.17.17"
    "@esbuild/linux-riscv64" "0.17.17"
    "@esbuild/linux-s390x" "0.17.17"
    "@esbuild/linux-x64" "0.17.17"
    "@esbuild/netbsd-x64" "0.17.17"
    "@esbuild/openbsd-x64" "0.17.17"
    "@esbuild/sunos-x64" "0.17.17"
    "@esbuild/win32-arm64" "0.17.17"
    "@esbuild/win32-ia32" "0.17.17"
    "@esbuild/win32-x64" "0.17.17"

estree-walker@^2.0.2:
  version "2.0.2"
  resolved "https://registry.npmjs.org/estree-walker/-/estree-walker-2.0.2.tgz"

fill-range@^7.0.1:
  version "7.0.1"
  resolved "https://registry.npmjs.org/fill-range/-/fill-range-7.0.1.tgz"
  dependencies:
    to-regex-range "^5.0.1"

fsevents@~2.3.2:
  version "2.3.2"
  resolved "https://registry.yarnpkg.com/fsevents/-/fsevents-2.3.2.tgz#8a526f78b8fdf4623b709e0b975c52c24c02fd1a"

glob-parent@~5.1.2:
  version "5.1.2"
  resolved "https://registry.npmjs.org/glob-parent/-/glob-parent-5.1.2.tgz"
  dependencies:
    is-glob "^4.0.1"

gsap@^3.11.5:
  version "3.11.5"
  resolved "https://registry.npmjs.org/gsap/-/gsap-3.11.5.tgz"

he@^1.2.0:
  version "1.2.0"
  resolved "https://registry.npmjs.org/he/-/he-1.2.0.tgz"

hookable@^5.5.3:
  version "5.5.3"
  resolved "https://registry.npmjs.org/hookable/-/hookable-5.5.3.tgz"

immutable@^4.0.0:
  version "4.3.0"
  resolved "https://registry.npmjs.org/immutable/-/immutable-4.3.0.tgz"

is-binary-path@~2.1.0:
  version "2.1.0"
  resolved "https://registry.npmjs.org/is-binary-path/-/is-binary-path-2.1.0.tgz"
  dependencies:
    binary-extensions "^2.0.0"

is-extglob@^2.1.1:
  version "2.1.1"
  resolved "https://registry.npmjs.org/is-extglob/-/is-extglob-2.1.1.tgz"

is-glob@^4.0.1, is-glob@~4.0.1:
  version "4.0.3"
  resolved "https://registry.npmjs.org/is-glob/-/is-glob-4.0.3.tgz"
  dependencies:
    is-extglob "^2.1.1"

is-number@^7.0.0:
  version "7.0.0"
  resolved "https://registry.npmjs.org/is-number/-/is-number-7.0.0.tgz"

lru-cache@^6.0.0:
  version "6.0.0"
  resolved "https://registry.npmjs.org/lru-cache/-/lru-cache-6.0.0.tgz"
  dependencies:
    yallist "^4.0.0"

magic-string@^0.25.7:
  version "0.25.9"
  resolved "https://registry.npmjs.org/magic-string/-/magic-string-0.25.9.tgz"
  dependencies:
    sourcemap-codec "^1.4.8"

minimatch@^9.0.0:
  version "9.0.0"
  resolved "https://registry.npmjs.org/minimatch/-/minimatch-9.0.0.tgz"
  dependencies:
    brace-expansion "^2.0.1"

muggle-string@^0.2.2:
  version "0.2.2"
  resolved "https://registry.npmjs.org/muggle-string/-/muggle-string-0.2.2.tgz"

nanoid@^3.3.6:
  version "3.3.6"
  resolved "https://registry.npmjs.org/nanoid/-/nanoid-3.3.6.tgz"

normalize-path@^3.0.0, normalize-path@~3.0.0:
  version "3.0.0"
  resolved "https://registry.npmjs.org/normalize-path/-/normalize-path-3.0.0.tgz"

picocolors@^1.0.0:
  version "1.0.0"
  resolved "https://registry.npmjs.org/picocolors/-/picocolors-1.0.0.tgz"

picomatch@^2.0.4, picomatch@^2.2.1:
  version "2.3.1"
  resolved "https://registry.npmjs.org/picomatch/-/picomatch-2.3.1.tgz"

postcss@^8.1.10, postcss@^8.4.23:
  version "8.4.24"
  resolved "https://registry.yarnpkg.com/postcss/-/postcss-8.4.24.tgz#f714dba9b2284be3cc07dbd2fc57ee4dc972d2df"
  dependencies:
    nanoid "^3.3.6"
    picocolors "^1.0.0"
    source-map-js "^1.0.2"

readdirp@~3.6.0:
  version "3.6.0"
  resolved "https://registry.npmjs.org/readdirp/-/readdirp-3.6.0.tgz"
  dependencies:
    picomatch "^2.2.1"

rollup@^3.21.0:
  version "3.24.0"
  resolved "https://registry.yarnpkg.com/rollup/-/rollup-3.24.0.tgz#865dee1fe0bb528747b59914dfab25e6f480e370"
  optionalDependencies:
    fsevents "~2.3.2"

sass@^1.62.0:
  version "1.62.0"
  resolved "https://registry.npmjs.org/sass/-/sass-1.62.0.tgz"
  dependencies:
    chokidar ">=3.0.0 <4.0.0"
    immutable "^4.0.0"
    source-map-js ">=0.6.2 <2.0.0"

semver@^7.3.8:
  version "7.5.0"
  resolved "https://registry.npmjs.org/semver/-/semver-7.5.0.tgz"
  dependencies:
    lru-cache "^6.0.0"

"source-map-js@>=0.6.2 <2.0.0", source-map-js@^1.0.2:
  version "1.0.2"
  resolved "https://registry.npmjs.org/source-map-js/-/source-map-js-1.0.2.tgz"

source-map@^0.6.1:
  version "0.6.1"
  resolved "https://registry.npmjs.org/source-map/-/source-map-0.6.1.tgz"

sourcemap-codec@^1.4.8:
  version "1.4.8"
  resolved "https://registry.npmjs.org/sourcemap-codec/-/sourcemap-codec-1.4.8.tgz"

to-regex-range@^5.0.1:
  version "5.0.1"
  resolved "https://registry.npmjs.org/to-regex-range/-/to-regex-range-5.0.1.tgz"
  dependencies:
    is-number "^7.0.0"

typescript@^5.0.2:
  version "5.0.4"
  resolved "https://registry.npmjs.org/typescript/-/typescript-5.0.4.tgz"

unhead@1.1.26:
  version "1.1.26"
  resolved "https://registry.npmjs.org/unhead/-/unhead-1.1.26.tgz"
  dependencies:
    "@unhead/dom" "1.1.26"
    "@unhead/schema" "1.1.26"
    "@unhead/shared" "1.1.26"
    hookable "^5.5.3"

vite@^4.3.9:
  version "4.3.9"
  resolved "https://registry.yarnpkg.com/vite/-/vite-4.3.9.tgz#db896200c0b1aa13b37cdc35c9e99ee2fdd5f96d"
  dependencies:
    esbuild "^0.17.5"
    postcss "^8.4.23"
    rollup "^3.21.0"
  optionalDependencies:
    fsevents "~2.3.2"

vue-template-compiler@^2.7.14:
  version "2.7.14"
  resolved "https://registry.npmjs.org/vue-template-compiler/-/vue-template-compiler-2.7.14.tgz"
  dependencies:
    de-indent "^1.0.2"
    he "^1.2.0"

vue-tsc@^1.2.0:
  version "1.4.0"
  resolved "https://registry.npmjs.org/vue-tsc/-/vue-tsc-1.4.0.tgz"
  dependencies:
    "@volar/vue-language-core" "1.4.0"
    "@volar/vue-typescript" "1.4.0"
    semver "^7.3.8"

vue3-animate-onscroll@^1.0.6:
  version "1.0.6"
  resolved "https://registry.npmjs.org/vue3-animate-onscroll/-/vue3-animate-onscroll-1.0.6.tgz"

vue3-smooth-scroll@^0.8.1:
  version "0.8.1"
  resolved "https://registry.npmjs.org/vue3-smooth-scroll/-/vue3-smooth-scroll-0.8.1.tgz"

vue@^3.2.47:
  version "3.2.47"
  resolved "https://registry.npmjs.org/vue/-/vue-3.2.47.tgz"
  dependencies:
    "@vue/compiler-dom" "3.2.47"
    "@vue/compiler-sfc" "3.2.47"
    "@vue/runtime-dom" "3.2.47"
    "@vue/server-renderer" "3.2.47"
    "@vue/shared" "3.2.47"

vuetify@3.1.14:
  version "3.1.14"
  resolved "https://registry.npmjs.org/vuetify/-/vuetify-3.1.14.tgz"

vuex@^4.0.2:
  version "4.1.0"
  resolved "https://registry.npmjs.org/vuex/-/vuex-4.1.0.tgz"
  dependencies:
    "@vue/devtools-api" "^6.0.0-beta.11"

yallist@^4.0.0:
  version "4.0.0"
  resolved "https://registry.npmjs.org/yallist/-/yallist-4.0.0.tgz"

zhead@^2.0.4:
  version "2.0.4"
  resolved "https://registry.npmjs.org/zhead/-/zhead-2.0.4.tgz"
